{
  "version": 4,
  "terraform_version": "0.14.7",
  "serial": 305,
  "lineage": "ef5a2e53-dfed-d9ae-67c0-a473c602cb01",
  "outputs": {
    "app_id": {
      "value": "0f2fef1f-6966-4c1e-a7de-b964d982b484",
      "type": "string"
    },
    "instrumentation_key": {
      "value": "614caa6a-d111-4f58-83b5-5ae9f1b08b24",
      "type": "string"
    }
  },
  "resources": [
    {
      "mode": "managed",
      "type": "azurerm_app_service",
      "name": "appservice",
      "provider": "provider[\"registry.terraform.io/hashicorp/azurerm\"]",
      "instances": [
        {
          "schema_version": 0,
          "attributes": {
            "app_service_plan_id": "/subscriptions/58b27e07-dbce-4b26-82d4-627a6e0cdea8/resourceGroups/rg-gaming-terraform/providers/Microsoft.Web/serverfarms/serviceplan-gaming",
            "app_settings": {
              "APPINSIGHTS_INSTRUMENTATIONKEY": "614caa6a-d111-4f58-83b5-5ae9f1b08b24",
              "APPINSIGHTS_PROFILERFEATURE_VERSION": "1.0.0",
              "ApplicationInsightsAgent_EXTENSION_VERSION": "~2",
              "SOME_KEY": "some-value"
            },
            "auth_settings": [
              {
                "active_directory": [],
                "additional_login_params": {},
                "allowed_external_redirect_urls": [],
                "default_provider": "",
                "enabled": false,
                "facebook": [],
                "google": [],
                "issuer": "",
                "microsoft": [],
                "runtime_version": "",
                "token_refresh_extension_hours": 0,
                "token_store_enabled": false,
                "twitter": [],
                "unauthenticated_client_action": ""
              }
            ],
            "backup": [],
            "client_affinity_enabled": false,
            "client_cert_enabled": false,
            "connection_string": [
              {
                "name": "Database",
                "type": "SQLServer",
                "value": "Server=some-server.mydomain.com;Integrated Security=SSPI"
              }
            ],
            "custom_domain_verification_id": "A3A3CAD4C4BA65A5CDA385ECBB7A60788B2CC29B09DBF00C9BB329D929FDECCB",
            "default_site_hostname": "apigaming.azurewebsites.net",
            "enabled": true,
            "https_only": true,
            "id": "/subscriptions/58b27e07-dbce-4b26-82d4-627a6e0cdea8/resourceGroups/rg-gaming-terraform/providers/Microsoft.Web/sites/apigaming",
            "identity": [],
            "location": "westeurope",
            "logs": [
              {
                "application_logs": [
                  {
                    "azure_blob_storage": [],
                    "file_system_level": "Off"
                  }
                ],
                "detailed_error_messages_enabled": false,
                "failed_request_tracing_enabled": false,
                "http_logs": [
                  {
                    "azure_blob_storage": [],
                    "file_system": []
                  }
                ]
              }
            ],
            "name": "apigaming",
            "outbound_ip_address_list": [
              "51.124.22.192",
              "51.124.22.215",
              "51.124.23.119",
              "51.138.16.35",
              "51.124.21.175",
              "51.138.20.233",
              "20.50.2.42"
            ],
            "outbound_ip_addresses": "51.124.22.192,51.124.22.215,51.124.23.119,51.138.16.35,51.124.21.175,51.138.20.233,20.50.2.42",
            "possible_outbound_ip_address_list": [
              "51.124.22.192",
              "51.124.22.215",
              "51.124.23.119",
              "51.138.16.35",
              "51.124.21.175",
              "51.138.20.233",
              "51.138.21.47",
              "51.138.21.189",
              "51.138.22.34",
              "51.138.22.122",
              "51.138.22.229",
              "51.138.104.128",
              "51.138.105.63",
              "51.138.105.163",
              "51.138.105.196",
              "51.138.106.37",
              "51.138.22.141",
              "51.138.106.177",
              "20.50.2.42"
            ],
            "possible_outbound_ip_addresses": "51.124.22.192,51.124.22.215,51.124.23.119,51.138.16.35,51.124.21.175,51.138.20.233,51.138.21.47,51.138.21.189,51.138.22.34,51.138.22.122,51.138.22.229,51.138.104.128,51.138.105.63,51.138.105.163,51.138.105.196,51.138.106.37,51.138.22.141,51.138.106.177,20.50.2.42",
            "resource_group_name": "rg-gaming-terraform",
            "site_config": [
              {
                "always_on": false,
                "app_command_line": "",
                "auto_swap_slot_name": "",
                "cors": [
                  {
                    "allowed_origins": [],
                    "support_credentials": false
                  }
                ],
                "default_documents": null,
                "dotnet_framework_version": "v4.0",
                "ftps_state": "AllAllowed",
                "health_check_path": "",
                "http2_enabled": false,
                "ip_restriction": [
                  {
                    "action": "Allow",
                    "headers": [],
                    "ip_address": "",
                    "name": "",
                    "priority": 65000,
                    "service_tag": "",
                    "virtual_network_subnet_id": "/subscriptions/58b27e07-dbce-4b26-82d4-627a6e0cdea8/resourceGroups/rg-gaming-terraform/providers/Microsoft.Network/virtualNetworks/vnet-gaming/subnets/SUB-GAMING-SQLINS"
                  }
                ],
                "java_container": "",
                "java_container_version": "",
                "java_version": "",
                "linux_fx_version": "NODE|10.14",
                "local_mysql_enabled": false,
                "managed_pipeline_mode": "Integrated",
                "min_tls_version": "1.2",
                "number_of_workers": 1,
                "php_version": "",
                "python_version": "",
                "remote_debugging_enabled": false,
                "remote_debugging_version": "VS2019",
                "scm_ip_restriction": [],
                "scm_type": "None",
                "scm_use_main_ip_restriction": false,
                "use_32_bit_worker_process": false,
                "websockets_enabled": false,
                "windows_fx_version": ""
              }
            ],
            "site_credential": [
              {
                "password": "Kn2uC3der2ixoiZkadbBfKw8e9HhYzuSR406ihZWBaSjxQJktnbcsDbv8S9e",
                "username": "$apigaming"
              }
            ],
            "source_control": [
              {
                "branch": "master",
                "manual_integration": false,
                "repo_url": "",
                "rollback_enabled": false,
                "use_mercurial": false
              }
            ],
            "storage_account": [],
            "tags": null,
            "timeouts": null
          },
          "sensitive_attributes": [],
          "private": "eyJlMmJmYjczMC1lY2FhLTExZTYtOGY4OC0zNDM2M2JjN2M0YzAiOnsiY3JlYXRlIjoxODAwMDAwMDAwMDAwLCJkZWxldGUiOjE4MDAwMDAwMDAwMDAsInJlYWQiOjMwMDAwMDAwMDAwMCwidXBkYXRlIjoxODAwMDAwMDAwMDAwfX0=",
          "dependencies": [
            "azurerm_app_service_plan.appserviceplan",
            "azurerm_application_insights.appService-app_insights",
            "azurerm_resource_group.resource_group",
            "azurerm_subnet.SUB-GAMING-SQLINS",
            "azurerm_virtual_network.vnet-gaming"
          ]
        }
      ]
    },
    {
      "mode": "managed",
      "type": "azurerm_app_service_plan",
      "name": "appserviceplan",
      "provider": "provider[\"registry.terraform.io/hashicorp/azurerm\"]",
      "instances": [
        {
          "schema_version": 0,
          "attributes": {
            "app_service_environment_id": "",
            "id": "/subscriptions/58b27e07-dbce-4b26-82d4-627a6e0cdea8/resourceGroups/rg-gaming-terraform/providers/Microsoft.Web/serverfarms/serviceplan-gaming",
            "is_xenon": false,
            "kind": "linux",
            "location": "westeurope",
            "maximum_elastic_worker_count": 1,
            "maximum_number_of_workers": 10,
            "name": "serviceplan-gaming",
            "per_site_scaling": false,
            "reserved": true,
            "resource_group_name": "rg-gaming-terraform",
            "sku": [
              {
                "capacity": 1,
                "size": "S1",
                "tier": "Standard"
              }
            ],
            "tags": null,
            "timeouts": null
          },
          "sensitive_attributes": [],
          "private": "eyJlMmJmYjczMC1lY2FhLTExZTYtOGY4OC0zNDM2M2JjN2M0YzAiOnsiY3JlYXRlIjozNjAwMDAwMDAwMDAwLCJkZWxldGUiOjM2MDAwMDAwMDAwMDAsInJlYWQiOjMwMDAwMDAwMDAwMCwidXBkYXRlIjozNjAwMDAwMDAwMDAwfX0=",
          "dependencies": [
            "azurerm_resource_group.resource_group"
          ]
        }
      ]
    },
    {
      "mode": "managed",
      "type": "azurerm_application_insights",
      "name": "appService-app_insights",
      "provider": "provider[\"registry.terraform.io/hashicorp/azurerm\"]",
      "instances": [
        {
          "schema_version": 0,
          "attributes": {
            "app_id": "0f2fef1f-6966-4c1e-a7de-b964d982b484",
            "application_type": "web",
            "connection_string": "InstrumentationKey=614caa6a-d111-4f58-83b5-5ae9f1b08b24;IngestionEndpoint=https://westeurope-1.in.applicationinsights.azure.com/",
            "daily_data_cap_in_gb": 100,
            "daily_data_cap_notifications_disabled": false,
            "disable_ip_masking": false,
            "id": "/subscriptions/58b27e07-dbce-4b26-82d4-627a6e0cdea8/resourceGroups/rg-gaming-terraform/providers/microsoft.insights/components/apigaming",
            "instrumentation_key": "614caa6a-d111-4f58-83b5-5ae9f1b08b24",
            "location": "westeurope",
            "name": "apigaming",
            "resource_group_name": "rg-gaming-terraform",
            "retention_in_days": 90,
            "sampling_percentage": 100,
            "tags": null,
            "timeouts": null
          },
          "sensitive_attributes": [],
          "private": "eyJlMmJmYjczMC1lY2FhLTExZTYtOGY4OC0zNDM2M2JjN2M0YzAiOnsiY3JlYXRlIjoxODAwMDAwMDAwMDAwLCJkZWxldGUiOjE4MDAwMDAwMDAwMDAsInJlYWQiOjMwMDAwMDAwMDAwMCwidXBkYXRlIjoxODAwMDAwMDAwMDAwfX0=",
          "dependencies": [
            "azurerm_resource_group.resource_group"
          ]
        }
      ]
    },
    {
      "mode": "managed",
      "type": "azurerm_frontdoor",
      "name": "fd-gaming",
      "provider": "provider[\"registry.terraform.io/hashicorp/azurerm\"]",
      "instances": [
        {
          "schema_version": 2,
          "attributes": {
            "backend_pool": [
              {
                "backend": [
                  {
                    "address": "stagamingfile.z6.web.core.windows.net",
                    "enabled": true,
                    "host_header": "stagamingfile.z6.web.core.windows.net",
                    "http_port": 80,
                    "https_port": 443,
                    "priority": 1,
                    "weight": 50
                  }
                ],
                "health_probe_name": "fd-gaming-backend-hp",
                "id": "/subscriptions/58b27e07-dbce-4b26-82d4-627a6e0cdea8/resourceGroups/rg-gaming-terraform/providers/Microsoft.Network/frontDoors/fd-gaming/backendPools/fd-gaming-backend-pool",
                "load_balancing_name": "fd-gaming-backend-lb",
                "name": "fd-gaming-backend-pool"
              }
            ],
            "backend_pool_health_probe": [
              {
                "enabled": true,
                "id": "/subscriptions/58b27e07-dbce-4b26-82d4-627a6e0cdea8/resourceGroups/rg-gaming-terraform/providers/Microsoft.Network/frontDoors/fd-gaming/healthProbeSettings/fd-gaming-backend-hp",
                "interval_in_seconds": 120,
                "name": "fd-gaming-backend-hp",
                "path": "/",
                "probe_method": "HEAD",
                "protocol": "Https"
              }
            ],
            "backend_pool_health_probes": {
              "fd-gaming-backend-hp": "/subscriptions/58b27e07-dbce-4b26-82d4-627a6e0cdea8/resourceGroups/rg-gaming-terraform/providers/Microsoft.Network/frontDoors/fd-gaming/healthProbeSettings/fd-gaming-backend-hp"
            },
            "backend_pool_load_balancing": [
              {
                "additional_latency_milliseconds": 0,
                "id": "/subscriptions/58b27e07-dbce-4b26-82d4-627a6e0cdea8/resourceGroups/rg-gaming-terraform/providers/Microsoft.Network/frontDoors/fd-gaming/loadBalancingSettings/fd-gaming-backend-lb",
                "name": "fd-gaming-backend-lb",
                "sample_size": 4,
                "successful_samples_required": 2
              }
            ],
            "backend_pool_load_balancing_settings": {
              "fd-gaming-backend-lb": "/subscriptions/58b27e07-dbce-4b26-82d4-627a6e0cdea8/resourceGroups/rg-gaming-terraform/providers/Microsoft.Network/frontDoors/fd-gaming/loadBalancingSettings/fd-gaming-backend-lb"
            },
            "backend_pools": {
              "fd-gaming-backend-pool": "/subscriptions/58b27e07-dbce-4b26-82d4-627a6e0cdea8/resourceGroups/rg-gaming-terraform/providers/Microsoft.Network/frontDoors/fd-gaming/backendPools/fd-gaming-backend-pool"
            },
            "backend_pools_send_receive_timeout_seconds": 60,
            "cname": "fd-gaming.azurefd.net",
            "enforce_backend_pools_certificate_name_check": true,
            "explicit_resource_order": [
              {
                "backend_pool_health_probe_ids": [
                  "/subscriptions/58b27e07-dbce-4b26-82d4-627a6e0cdea8/resourceGroups/rg-gaming-terraform/providers/Microsoft.Network/frontDoors/fd-gaming/healthProbeSettings/fd-gaming-backend-hp"
                ],
                "backend_pool_ids": [
                  "/subscriptions/58b27e07-dbce-4b26-82d4-627a6e0cdea8/resourceGroups/rg-gaming-terraform/providers/Microsoft.Network/frontDoors/fd-gaming/backendPools/fd-gaming-backend-pool"
                ],
                "backend_pool_load_balancing_ids": [
                  "/subscriptions/58b27e07-dbce-4b26-82d4-627a6e0cdea8/resourceGroups/rg-gaming-terraform/providers/Microsoft.Network/frontDoors/fd-gaming/loadBalancingSettings/fd-gaming-backend-lb"
                ],
                "frontend_endpoint_ids": [
                  "/subscriptions/58b27e07-dbce-4b26-82d4-627a6e0cdea8/resourceGroups/rg-gaming-terraform/providers/Microsoft.Network/frontDoors/fd-gaming/frontendEndpoints/fd-gaming"
                ],
                "routing_rule_ids": [
                  "/subscriptions/58b27e07-dbce-4b26-82d4-627a6e0cdea8/resourceGroups/rg-gaming-terraform/providers/Microsoft.Network/frontDoors/fd-gaming/routingRules/routing-rule-gaming"
                ]
              }
            ],
            "friendly_name": "",
            "frontend_endpoint": [
              {
                "host_name": "fd-gaming.azurefd.net",
                "id": "/subscriptions/58b27e07-dbce-4b26-82d4-627a6e0cdea8/resourceGroups/rg-gaming-terraform/providers/Microsoft.Network/frontDoors/fd-gaming/frontendEndpoints/fd-gaming",
                "name": "fd-gaming",
                "session_affinity_enabled": true,
                "session_affinity_ttl_seconds": 0,
                "web_application_firewall_policy_link_id": ""
              }
            ],
            "frontend_endpoints": {
              "fd-gaming": "/subscriptions/58b27e07-dbce-4b26-82d4-627a6e0cdea8/resourceGroups/rg-gaming-terraform/providers/Microsoft.Network/frontDoors/fd-gaming/frontendEndpoints/fd-gaming"
            },
            "header_frontdoor_id": "5a5176a2-c534-4f99-8fcb-e01b948e2ee0",
            "id": "/subscriptions/58b27e07-dbce-4b26-82d4-627a6e0cdea8/resourceGroups/rg-gaming-terraform/providers/Microsoft.Network/frontDoors/fd-gaming",
            "load_balancer_enabled": true,
            "location": "global",
            "name": "fd-gaming",
            "resource_group_name": "rg-gaming-terraform",
            "routing_rule": [
              {
                "accepted_protocols": [
                  "Http",
                  "Https"
                ],
                "enabled": true,
                "forwarding_configuration": [
                  {
                    "backend_pool_name": "fd-gaming-backend-pool",
                    "cache_enabled": true,
                    "cache_query_parameter_strip_directive": "StripAll",
                    "cache_use_dynamic_compression": true,
                    "custom_forwarding_path": "",
                    "forwarding_protocol": "HttpsOnly"
                  }
                ],
                "frontend_endpoints": [
                  "fd-gaming"
                ],
                "id": "/subscriptions/58b27e07-dbce-4b26-82d4-627a6e0cdea8/resourceGroups/rg-gaming-terraform/providers/Microsoft.Network/frontDoors/fd-gaming/routingRules/routing-rule-gaming",
                "name": "routing-rule-gaming",
                "patterns_to_match": [
                  "/*"
                ],
                "redirect_configuration": []
              }
            ],
            "routing_rules": {
              "routing-rule-gaming": "/subscriptions/58b27e07-dbce-4b26-82d4-627a6e0cdea8/resourceGroups/rg-gaming-terraform/providers/Microsoft.Network/frontDoors/fd-gaming/routingRules/routing-rule-gaming"
            },
            "tags": {
              "Dept": "IT",
              "Environment": "PROD",
              "Project": "GAMING"
            },
            "timeouts": null
          },
          "sensitive_attributes": [],
          "private": "eyJlMmJmYjczMC1lY2FhLTExZTYtOGY4OC0zNDM2M2JjN2M0YzAiOnsiY3JlYXRlIjoyMTYwMDAwMDAwMDAwMCwiZGVsZXRlIjoyMTYwMDAwMDAwMDAwMCwicmVhZCI6MzAwMDAwMDAwMDAwLCJ1cGRhdGUiOjIxNjAwMDAwMDAwMDAwfSwic2NoZW1hX3ZlcnNpb24iOiIyIn0=",
          "dependencies": [
            "azurerm_resource_group.resource_group",
            "azurerm_storage_account.sagamingfiles",
            "azurerm_subnet.SUB-GAMING-GFILES",
            "azurerm_virtual_network.vnet-gaming"
          ]
        }
      ]
    },
    {
      "mode": "managed",
      "type": "azurerm_frontdoor_custom_https_configuration",
      "name": "fd_custom_https",
      "provider": "provider[\"registry.terraform.io/hashicorp/azurerm\"]",
      "instances": [
        {
          "schema_version": 1,
          "attributes": {
            "custom_https_configuration": [],
            "custom_https_provisioning_enabled": false,
            "frontend_endpoint_id": "/subscriptions/58b27e07-dbce-4b26-82d4-627a6e0cdea8/resourceGroups/rg-gaming-terraform/providers/Microsoft.Network/frontDoors/fd-gaming/frontendEndpoints/fd-gaming",
            "id": "/subscriptions/58b27e07-dbce-4b26-82d4-627a6e0cdea8/resourceGroups/rg-gaming-terraform/providers/Microsoft.Network/frontDoors/fd-gaming/customHttpsConfiguration/fd-gaming",
            "timeouts": null
          },
          "sensitive_attributes": [],
          "private": "eyJlMmJmYjczMC1lY2FhLTExZTYtOGY4OC0zNDM2M2JjN2M0YzAiOnsiY3JlYXRlIjoyMTYwMDAwMDAwMDAwMCwiZGVsZXRlIjoyMTYwMDAwMDAwMDAwMCwicmVhZCI6MzAwMDAwMDAwMDAwLCJ1cGRhdGUiOjIxNjAwMDAwMDAwMDAwfSwic2NoZW1hX3ZlcnNpb24iOiIxIn0=",
          "dependencies": [
            "azurerm_frontdoor.fd-gaming",
            "azurerm_resource_group.resource_group",
            "azurerm_storage_account.sagamingfiles",
            "azurerm_subnet.SUB-GAMING-GFILES",
            "azurerm_virtual_network.vnet-gaming"
          ]
        }
      ]
    },
    {
      "mode": "managed",
      "type": "azurerm_monitor_autoscale_setting",
      "name": "appservice_autoscale",
      "provider": "provider[\"registry.terraform.io/hashicorp/azurerm\"]",
      "instances": [
        {
          "schema_version": 0,
          "attributes": {
            "enabled": true,
            "id": "/subscriptions/58b27e07-dbce-4b26-82d4-627a6e0cdea8/resourceGroups/rg-gaming-terraform/providers/microsoft.insights/autoscalesettings/AppService_AutoscaleSetting",
            "location": "westeurope",
            "name": "AppService_AutoscaleSetting",
            "notification": [],
            "profile": [
              {
                "capacity": [
                  {
                    "default": 2,
                    "maximum": 4,
                    "minimum": 2
                  }
                ],
                "fixed_date": [],
                "name": "defaultProfile",
                "recurrence": [],
                "rule": []
              }
            ],
            "resource_group_name": "rg-gaming-terraform",
            "tags": null,
            "target_resource_id": "/subscriptions/58b27e07-dbce-4b26-82d4-627a6e0cdea8/resourceGroups/rg-gaming-terraform/providers/Microsoft.Web/serverfarms/serviceplan-gaming",
            "timeouts": null
          },
          "sensitive_attributes": [],
          "private": "eyJlMmJmYjczMC1lY2FhLTExZTYtOGY4OC0zNDM2M2JjN2M0YzAiOnsiY3JlYXRlIjoxODAwMDAwMDAwMDAwLCJkZWxldGUiOjE4MDAwMDAwMDAwMDAsInJlYWQiOjMwMDAwMDAwMDAwMCwidXBkYXRlIjoxODAwMDAwMDAwMDAwfX0=",
          "dependencies": [
            "azurerm_app_service_plan.appserviceplan",
            "azurerm_resource_group.resource_group"
          ]
        }
      ]
    },
    {
      "mode": "managed",
      "type": "azurerm_mysql_database",
      "name": "mysql-db",
      "provider": "provider[\"registry.terraform.io/hashicorp/azurerm\"]",
      "instances": [
        {
          "schema_version": 0,
          "attributes": {
            "charset": "utf8",
            "collation": "utf8_unicode_ci",
            "id": "/subscriptions/58b27e07-dbce-4b26-82d4-627a6e0cdea8/resourceGroups/rg-gaming-terraform/providers/Microsoft.DBforMySQL/servers/sqlserver-gaming/databases/mysqldatabase-gaming",
            "name": "mysqldatabase-gaming",
            "resource_group_name": "rg-gaming-terraform",
            "server_name": "sqlserver-gaming",
            "timeouts": null
          },
          "sensitive_attributes": [],
          "private": "eyJlMmJmYjczMC1lY2FhLTExZTYtOGY4OC0zNDM2M2JjN2M0YzAiOnsiY3JlYXRlIjozNjAwMDAwMDAwMDAwLCJkZWxldGUiOjM2MDAwMDAwMDAwMDAsInJlYWQiOjMwMDAwMDAwMDAwMCwidXBkYXRlIjozNjAwMDAwMDAwMDAwfX0=",
          "dependencies": [
            "azurerm_mysql_server.mysql-server",
            "azurerm_resource_group.resource_group"
          ]
        }
      ]
    },
    {
      "mode": "managed",
      "type": "azurerm_mysql_firewall_rule",
      "name": "fw-rule",
      "provider": "provider[\"registry.terraform.io/hashicorp/azurerm\"]",
      "instances": [
        {
          "schema_version": 0,
          "attributes": {
            "end_ip_address": "91.163.21.105",
            "id": "/subscriptions/58b27e07-dbce-4b26-82d4-627a6e0cdea8/resourceGroups/rg-gaming-terraform/providers/Microsoft.DBforMySQL/servers/sqlserver-gaming/firewallRules/fw-rule-gaming",
            "name": "fw-rule-gaming",
            "resource_group_name": "rg-gaming-terraform",
            "server_name": "sqlserver-gaming",
            "start_ip_address": "91.163.21.105",
            "timeouts": null
          },
          "sensitive_attributes": [],
          "private": "eyJlMmJmYjczMC1lY2FhLTExZTYtOGY4OC0zNDM2M2JjN2M0YzAiOnsiY3JlYXRlIjoxODAwMDAwMDAwMDAwLCJkZWxldGUiOjE4MDAwMDAwMDAwMDAsInJlYWQiOjMwMDAwMDAwMDAwMCwidXBkYXRlIjoxODAwMDAwMDAwMDAwfX0=",
          "dependencies": [
            "azurerm_mysql_server.mysql-server",
            "azurerm_resource_group.resource_group"
          ]
        }
      ]
    },
    {
      "mode": "managed",
      "type": "azurerm_mysql_server",
      "name": "mysql-server",
      "provider": "provider[\"registry.terraform.io/hashicorp/azurerm\"]",
      "instances": [
        {
          "schema_version": 0,
          "attributes": {
            "administrator_login": "dbadmin",
            "administrator_login_password": "Azerty93!",
            "auto_grow_enabled": true,
            "backup_retention_days": 7,
            "create_mode": "Default",
            "creation_source_server_id": null,
            "fqdn": "sqlserver-gaming.mysql.database.azure.com",
            "geo_redundant_backup_enabled": false,
            "id": "/subscriptions/58b27e07-dbce-4b26-82d4-627a6e0cdea8/resourceGroups/rg-gaming-terraform/providers/Microsoft.DBforMySQL/servers/sqlserver-gaming",
            "identity": [],
            "infrastructure_encryption_enabled": false,
            "location": "westeurope",
            "name": "sqlserver-gaming",
            "public_network_access_enabled": true,
            "resource_group_name": "rg-gaming-terraform",
            "restore_point_in_time": null,
            "sku_name": "B_Gen5_1",
            "ssl_enforcement": "Enabled",
            "ssl_enforcement_enabled": true,
            "ssl_minimal_tls_version_enforced": "TLS1_2",
            "storage_mb": 5120,
            "storage_profile": [
              {
                "auto_grow": "Enabled",
                "backup_retention_days": 7,
                "geo_redundant_backup": "Disabled",
                "storage_mb": 5120
              }
            ],
            "tags": null,
            "threat_detection_policy": [],
            "timeouts": null,
            "version": "8.0"
          },
          "sensitive_attributes": [],
          "private": "eyJlMmJmYjczMC1lY2FhLTExZTYtOGY4OC0zNDM2M2JjN2M0YzAiOnsiY3JlYXRlIjozNjAwMDAwMDAwMDAwLCJkZWxldGUiOjM2MDAwMDAwMDAwMDAsInJlYWQiOjMwMDAwMDAwMDAwMCwidXBkYXRlIjozNjAwMDAwMDAwMDAwfX0=",
          "dependencies": [
            "azurerm_resource_group.resource_group"
          ]
        }
      ]
    },
    {
      "mode": "managed",
      "type": "azurerm_resource_group",
      "name": "resource_group",
      "provider": "provider[\"registry.terraform.io/hashicorp/azurerm\"]",
      "instances": [
        {
          "schema_version": 0,
          "attributes": {
            "id": "/subscriptions/58b27e07-dbce-4b26-82d4-627a6e0cdea8/resourceGroups/rg-gaming-terraform",
            "location": "westeurope",
            "name": "rg-gaming-terraform",
            "tags": null,
            "timeouts": null
          },
          "sensitive_attributes": [],
          "private": "eyJlMmJmYjczMC1lY2FhLTExZTYtOGY4OC0zNDM2M2JjN2M0YzAiOnsiY3JlYXRlIjo1NDAwMDAwMDAwMDAwLCJkZWxldGUiOjU0MDAwMDAwMDAwMDAsInJlYWQiOjMwMDAwMDAwMDAwMCwidXBkYXRlIjo1NDAwMDAwMDAwMDAwfX0="
        }
      ]
    },
    {
      "mode": "managed",
      "type": "azurerm_storage_account",
      "name": "sagamingfiles",
      "provider": "provider[\"registry.terraform.io/hashicorp/azurerm\"]",
      "instances": [
        {
          "schema_version": 2,
          "attributes": {
            "access_tier": "Hot",
            "account_kind": "StorageV2",
            "account_replication_type": "LRS",
            "account_tier": "Standard",
            "allow_blob_public_access": false,
            "azure_files_authentication": [],
            "blob_properties": [
              {
                "change_feed_enabled": false,
                "container_delete_retention_policy": [],
                "cors_rule": [],
                "default_service_version": "",
                "delete_retention_policy": [
                  {
                    "days": 7
                  }
                ],
                "last_access_time_enabled": false,
                "versioning_enabled": false
              }
            ],
            "custom_domain": [],
            "enable_https_traffic_only": true,
            "id": "/subscriptions/58b27e07-dbce-4b26-82d4-627a6e0cdea8/resourceGroups/rg-gaming-terraform/providers/Microsoft.Storage/storageAccounts/stagamingfile",
            "identity": [],
            "is_hns_enabled": false,
            "large_file_share_enabled": false,
            "location": "westeurope",
            "min_tls_version": "TLS1_2",
            "name": "stagamingfile",
            "network_rules": [
              {
                "bypass": [
                  "AzureServices"
                ],
                "default_action": "Deny",
                "ip_rules": [
                  "91.163.21.105"
                ],
                "private_link_access": [],
                "virtual_network_subnet_ids": [
                  "/subscriptions/58b27e07-dbce-4b26-82d4-627a6e0cdea8/resourceGroups/rg-gaming-terraform/providers/Microsoft.Network/virtualNetworks/vnet-gaming/subnets/SUB-GAMING-GFILES"
                ]
              }
            ],
            "nfsv3_enabled": false,
            "primary_access_key": "GLFmphfOemVQK+CdrECjnjTVfluApZrr9IAMpNl8FOvU940lqDprthkqZTS1/61Lx9Knus3uO29UfH3VsEK+qA==",
            "primary_blob_connection_string": "DefaultEndpointsProtocol=https;BlobEndpoint=https://stagamingfile.blob.core.windows.net/;AccountName=stagamingfile;AccountKey=GLFmphfOemVQK+CdrECjnjTVfluApZrr9IAMpNl8FOvU940lqDprthkqZTS1/61Lx9Knus3uO29UfH3VsEK+qA==",
            "primary_blob_endpoint": "https://stagamingfile.blob.core.windows.net/",
            "primary_blob_host": "stagamingfile.blob.core.windows.net",
            "primary_connection_string": "DefaultEndpointsProtocol=https;AccountName=stagamingfile;AccountKey=GLFmphfOemVQK+CdrECjnjTVfluApZrr9IAMpNl8FOvU940lqDprthkqZTS1/61Lx9Knus3uO29UfH3VsEK+qA==;EndpointSuffix=core.windows.net",
            "primary_dfs_endpoint": "https://stagamingfile.dfs.core.windows.net/",
            "primary_dfs_host": "stagamingfile.dfs.core.windows.net",
            "primary_file_endpoint": "https://stagamingfile.file.core.windows.net/",
            "primary_file_host": "stagamingfile.file.core.windows.net",
            "primary_location": "westeurope",
            "primary_queue_endpoint": "https://stagamingfile.queue.core.windows.net/",
            "primary_queue_host": "stagamingfile.queue.core.windows.net",
            "primary_table_endpoint": "https://stagamingfile.table.core.windows.net/",
            "primary_table_host": "stagamingfile.table.core.windows.net",
            "primary_web_endpoint": "https://stagamingfile.z6.web.core.windows.net/",
            "primary_web_host": "stagamingfile.z6.web.core.windows.net",
            "queue_properties": [
              {
                "cors_rule": [],
                "hour_metrics": [
                  {
                    "enabled": true,
                    "include_apis": true,
                    "retention_policy_days": 7,
                    "version": "1.0"
                  }
                ],
                "logging": [
                  {
                    "delete": false,
                    "read": false,
                    "retention_policy_days": 0,
                    "version": "1.0",
                    "write": false
                  }
                ],
                "minute_metrics": [
                  {
                    "enabled": false,
                    "include_apis": false,
                    "retention_policy_days": 0,
                    "version": "1.0"
                  }
                ]
              }
            ],
            "resource_group_name": "rg-gaming-terraform",
            "routing": [],
            "secondary_access_key": "buj1Gk4PXEtw/BWYVHwUREM8RK7HQw1WsLP7CpmKaQ+8T9b4NN/4BTKRMZwqH/9fAoi0osHznL/rPbZvuSfy5g==",
            "secondary_blob_connection_string": "",
            "secondary_blob_endpoint": null,
            "secondary_blob_host": null,
            "secondary_connection_string": "DefaultEndpointsProtocol=https;AccountName=stagamingfile;AccountKey=buj1Gk4PXEtw/BWYVHwUREM8RK7HQw1WsLP7CpmKaQ+8T9b4NN/4BTKRMZwqH/9fAoi0osHznL/rPbZvuSfy5g==;EndpointSuffix=core.windows.net",
            "secondary_dfs_endpoint": null,
            "secondary_dfs_host": null,
            "secondary_file_endpoint": null,
            "secondary_file_host": null,
            "secondary_location": "",
            "secondary_queue_endpoint": null,
            "secondary_queue_host": null,
            "secondary_table_endpoint": null,
            "secondary_table_host": null,
            "secondary_web_endpoint": null,
            "secondary_web_host": null,
            "share_properties": [
              {
                "cors_rule": [],
                "retention_policy": [
                  {
                    "days": 7
                  }
                ],
                "smb": []
              }
            ],
            "static_website": [
              {
                "error_404_document": "",
                "index_document": ""
              }
            ],
            "tags": {
              "Dept": "IT",
              "Environment": "PROD",
              "Project": "GAMING"
            },
            "timeouts": null
          },
          "sensitive_attributes": [],
          "private": "eyJlMmJmYjczMC1lY2FhLTExZTYtOGY4OC0zNDM2M2JjN2M0YzAiOnsiY3JlYXRlIjozNjAwMDAwMDAwMDAwLCJkZWxldGUiOjM2MDAwMDAwMDAwMDAsInJlYWQiOjMwMDAwMDAwMDAwMCwidXBkYXRlIjozNjAwMDAwMDAwMDAwfSwic2NoZW1hX3ZlcnNpb24iOiIyIn0=",
          "dependencies": [
            "azurerm_resource_group.resource_group",
            "azurerm_subnet.SUB-GAMING-GFILES",
            "azurerm_virtual_network.vnet-gaming"
          ]
        }
      ]
    },
    {
      "mode": "managed",
      "type": "azurerm_storage_container",
      "name": "container-gamefiles",
      "provider": "provider[\"registry.terraform.io/hashicorp/azurerm\"]",
      "instances": [
        {
          "schema_version": 1,
          "attributes": {
            "container_access_type": "private",
            "has_immutability_policy": false,
            "has_legal_hold": false,
            "id": "https://stagamingfile.blob.core.windows.net/container-gamefiles",
            "metadata": {},
            "name": "container-gamefiles",
            "resource_manager_id": "/subscriptions/58b27e07-dbce-4b26-82d4-627a6e0cdea8/resourceGroups/rg-gaming-terraform/providers/Microsoft.Storage/storageAccounts/stagamingfile/blobServices/default/containers/container-gamefiles",
            "storage_account_name": "stagamingfile",
            "timeouts": null
          },
          "sensitive_attributes": [],
          "private": "eyJlMmJmYjczMC1lY2FhLTExZTYtOGY4OC0zNDM2M2JjN2M0YzAiOnsiY3JlYXRlIjoxODAwMDAwMDAwMDAwLCJkZWxldGUiOjE4MDAwMDAwMDAwMDAsInJlYWQiOjMwMDAwMDAwMDAwMCwidXBkYXRlIjoxODAwMDAwMDAwMDAwfSwic2NoZW1hX3ZlcnNpb24iOiIxIn0=",
          "dependencies": [
            "azurerm_resource_group.resource_group",
            "azurerm_storage_account.sagamingfiles",
            "azurerm_subnet.SUB-GAMING-GFILES",
            "azurerm_virtual_network.vnet-gaming"
          ]
        }
      ]
    },
    {
      "mode": "managed",
      "type": "azurerm_subnet",
      "name": "SUB-GAMING-GFILES",
      "provider": "provider[\"registry.terraform.io/hashicorp/azurerm\"]",
      "instances": [
        {
          "schema_version": 0,
          "attributes": {
            "address_prefix": "192.168.30.0/24",
            "address_prefixes": [
              "192.168.30.0/24"
            ],
            "delegation": [],
            "enforce_private_link_endpoint_network_policies": false,
            "enforce_private_link_service_network_policies": false,
            "id": "/subscriptions/58b27e07-dbce-4b26-82d4-627a6e0cdea8/resourceGroups/rg-gaming-terraform/providers/Microsoft.Network/virtualNetworks/vnet-gaming/subnets/SUB-GAMING-GFILES",
            "name": "SUB-GAMING-GFILES",
            "resource_group_name": "rg-gaming-terraform",
            "service_endpoint_policy_ids": null,
            "service_endpoints": [
              "Microsoft.Storage"
            ],
            "timeouts": null,
            "virtual_network_name": "vnet-gaming"
          },
          "sensitive_attributes": [],
          "private": "eyJlMmJmYjczMC1lY2FhLTExZTYtOGY4OC0zNDM2M2JjN2M0YzAiOnsiY3JlYXRlIjoxODAwMDAwMDAwMDAwLCJkZWxldGUiOjE4MDAwMDAwMDAwMDAsInJlYWQiOjMwMDAwMDAwMDAwMCwidXBkYXRlIjoxODAwMDAwMDAwMDAwfX0=",
          "dependencies": [
            "azurerm_resource_group.resource_group",
            "azurerm_virtual_network.vnet-gaming"
          ]
        }
      ]
    },
    {
      "mode": "managed",
      "type": "azurerm_subnet",
      "name": "SUB-GAMING-INBOUND",
      "provider": "provider[\"registry.terraform.io/hashicorp/azurerm\"]",
      "instances": [
        {
          "schema_version": 0,
          "attributes": {
            "address_prefix": "192.168.10.0/24",
            "address_prefixes": [
              "192.168.10.0/24"
            ],
            "delegation": [],
            "enforce_private_link_endpoint_network_policies": false,
            "enforce_private_link_service_network_policies": false,
            "id": "/subscriptions/58b27e07-dbce-4b26-82d4-627a6e0cdea8/resourceGroups/rg-gaming-terraform/providers/Microsoft.Network/virtualNetworks/vnet-gaming/subnets/SUB-GAMING-INBOUND",
            "name": "SUB-GAMING-INBOUND",
            "resource_group_name": "rg-gaming-terraform",
            "service_endpoint_policy_ids": null,
            "service_endpoints": null,
            "timeouts": null,
            "virtual_network_name": "vnet-gaming"
          },
          "sensitive_attributes": [],
          "private": "eyJlMmJmYjczMC1lY2FhLTExZTYtOGY4OC0zNDM2M2JjN2M0YzAiOnsiY3JlYXRlIjoxODAwMDAwMDAwMDAwLCJkZWxldGUiOjE4MDAwMDAwMDAwMDAsInJlYWQiOjMwMDAwMDAwMDAwMCwidXBkYXRlIjoxODAwMDAwMDAwMDAwfX0=",
          "dependencies": [
            "azurerm_resource_group.resource_group",
            "azurerm_virtual_network.vnet-gaming"
          ]
        }
      ]
    },
    {
      "mode": "managed",
      "type": "azurerm_subnet",
      "name": "SUB-GAMING-SQLINS",
      "provider": "provider[\"registry.terraform.io/hashicorp/azurerm\"]",
      "instances": [
        {
          "schema_version": 0,
          "attributes": {
            "address_prefix": "192.168.20.0/24",
            "address_prefixes": [
              "192.168.20.0/24"
            ],
            "delegation": [],
            "enforce_private_link_endpoint_network_policies": false,
            "enforce_private_link_service_network_policies": false,
            "id": "/subscriptions/58b27e07-dbce-4b26-82d4-627a6e0cdea8/resourceGroups/rg-gaming-terraform/providers/Microsoft.Network/virtualNetworks/vnet-gaming/subnets/SUB-GAMING-SQLINS",
            "name": "SUB-GAMING-SQLINS",
            "resource_group_name": "rg-gaming-terraform",
            "service_endpoint_policy_ids": null,
            "service_endpoints": [
              "Microsoft.Sql",
              "Microsoft.Storage"
            ],
            "timeouts": null,
            "virtual_network_name": "vnet-gaming"
          },
          "sensitive_attributes": [],
          "private": "eyJlMmJmYjczMC1lY2FhLTExZTYtOGY4OC0zNDM2M2JjN2M0YzAiOnsiY3JlYXRlIjoxODAwMDAwMDAwMDAwLCJkZWxldGUiOjE4MDAwMDAwMDAwMDAsInJlYWQiOjMwMDAwMDAwMDAwMCwidXBkYXRlIjoxODAwMDAwMDAwMDAwfX0=",
          "dependencies": [
            "azurerm_resource_group.resource_group",
            "azurerm_virtual_network.vnet-gaming"
          ]
        }
      ]
    },
    {
      "mode": "managed",
      "type": "azurerm_traffic_manager_endpoint",
      "name": "traffic_manager_endpoint",
      "provider": "provider[\"registry.terraform.io/hashicorp/azurerm\"]",
      "instances": [
        {
          "schema_version": 0,
          "attributes": {
            "custom_header": [],
            "endpoint_location": "West Europe",
            "endpoint_monitor_status": "CheckingEndpoint",
            "endpoint_status": "Enabled",
            "geo_mappings": null,
            "id": "/subscriptions/58b27e07-dbce-4b26-82d4-627a6e0cdea8/resourceGroups/rg-gaming-terraform/providers/Microsoft.Network/trafficManagerProfiles/trafficmanager-gaming/azureEndpoints/trafficmanager-end-gaming",
            "min_child_endpoints": 0,
            "minimum_required_child_endpoints_ipv4": 0,
            "minimum_required_child_endpoints_ipv6": 0,
            "name": "trafficmanager-end-gaming",
            "priority": 1,
            "profile_name": "trafficmanager-gaming",
            "resource_group_name": "rg-gaming-terraform",
            "subnet": [],
            "target": "apigaming.azurewebsites.net",
            "target_resource_id": "/subscriptions/58b27e07-dbce-4b26-82d4-627a6e0cdea8/resourceGroups/rg-gaming-terraform/providers/Microsoft.Web/sites/apigaming",
            "timeouts": null,
            "type": "azureEndpoints",
            "weight": 1
          },
          "sensitive_attributes": [],
          "private": "eyJlMmJmYjczMC1lY2FhLTExZTYtOGY4OC0zNDM2M2JjN2M0YzAiOnsiY3JlYXRlIjoxODAwMDAwMDAwMDAwLCJkZWxldGUiOjE4MDAwMDAwMDAwMDAsInJlYWQiOjMwMDAwMDAwMDAwMCwidXBkYXRlIjoxODAwMDAwMDAwMDAwfX0=",
          "dependencies": [
            "azurerm_app_service.appservice",
            "azurerm_app_service_plan.appserviceplan",
            "azurerm_application_insights.appService-app_insights",
            "azurerm_resource_group.resource_group",
            "azurerm_subnet.SUB-GAMING-SQLINS",
            "azurerm_traffic_manager_profile.traffic_manager",
            "azurerm_virtual_network.vnet-gaming",
            "random_id.server"
          ]
        }
      ]
    },
    {
      "mode": "managed",
      "type": "azurerm_traffic_manager_profile",
      "name": "traffic_manager",
      "provider": "provider[\"registry.terraform.io/hashicorp/azurerm\"]",
      "instances": [
        {
          "schema_version": 0,
          "attributes": {
            "dns_config": [
              {
                "relative_name": "aee6ea8fa2ebebca",
                "ttl": 100
              }
            ],
            "fqdn": "aee6ea8fa2ebebca.trafficmanager.net",
            "id": "/subscriptions/58b27e07-dbce-4b26-82d4-627a6e0cdea8/resourceGroups/rg-gaming-terraform/providers/Microsoft.Network/trafficManagerProfiles/trafficmanager-gaming",
            "max_return": 0,
            "monitor_config": [
              {
                "custom_header": [],
                "expected_status_code_ranges": null,
                "interval_in_seconds": 30,
                "path": "/",
                "port": 80,
                "protocol": "HTTP",
                "timeout_in_seconds": 9,
                "tolerated_number_of_failures": 3
              }
            ],
            "name": "trafficmanager-gaming",
            "profile_status": "Enabled",
            "resource_group_name": "rg-gaming-terraform",
            "tags": null,
            "timeouts": null,
            "traffic_routing_method": "Performance",
            "traffic_view_enabled": false
          },
          "sensitive_attributes": [],
          "private": "eyJlMmJmYjczMC1lY2FhLTExZTYtOGY4OC0zNDM2M2JjN2M0YzAiOnsiY3JlYXRlIjoxODAwMDAwMDAwMDAwLCJkZWxldGUiOjE4MDAwMDAwMDAwMDAsInJlYWQiOjMwMDAwMDAwMDAwMCwidXBkYXRlIjoxODAwMDAwMDAwMDAwfX0=",
          "dependencies": [
            "azurerm_resource_group.resource_group",
            "random_id.server"
          ]
        }
      ]
    },
    {
      "mode": "managed",
      "type": "azurerm_virtual_network",
      "name": "vnet-gaming",
      "provider": "provider[\"registry.terraform.io/hashicorp/azurerm\"]",
      "instances": [
        {
          "schema_version": 0,
          "attributes": {
            "address_space": [
              "192.168.0.0/16"
            ],
            "bgp_community": "",
            "ddos_protection_plan": [],
            "dns_servers": null,
            "guid": "9e783f1b-f988-4535-b9bc-99c53ac2cb95",
            "id": "/subscriptions/58b27e07-dbce-4b26-82d4-627a6e0cdea8/resourceGroups/rg-gaming-terraform/providers/Microsoft.Network/virtualNetworks/vnet-gaming",
            "location": "westeurope",
            "name": "vnet-gaming",
            "resource_group_name": "rg-gaming-terraform",
            "subnet": [],
            "tags": {
              "Dept": "IT",
              "Environment": "PROD",
              "Project": "GAMING"
            },
            "timeouts": null,
            "vm_protection_enabled": false
          },
          "sensitive_attributes": [],
          "private": "eyJlMmJmYjczMC1lY2FhLTExZTYtOGY4OC0zNDM2M2JjN2M0YzAiOnsiY3JlYXRlIjoxODAwMDAwMDAwMDAwLCJkZWxldGUiOjE4MDAwMDAwMDAwMDAsInJlYWQiOjMwMDAwMDAwMDAwMCwidXBkYXRlIjoxODAwMDAwMDAwMDAwfX0=",
          "dependencies": [
            "azurerm_resource_group.resource_group"
          ]
        }
      ]
    },
    {
      "mode": "managed",
      "type": "random_id",
      "name": "server",
      "provider": "provider[\"registry.terraform.io/hashicorp/random\"]",
      "instances": [
        {
          "schema_version": 0,
          "attributes": {
            "b64_std": "rubqj6Lr68o=",
            "b64_url": "rubqj6Lr68o",
            "byte_length": 8,
            "dec": "12603018509877504970",
            "hex": "aee6ea8fa2ebebca",
            "id": "rubqj6Lr68o",
            "keepers": {
              "azi_id": "1"
            },
            "prefix": null
          },
          "sensitive_attributes": [],
          "private": "bnVsbA=="
        }
      ]
    }
  ]
}
